{
  "originHash" : "c6c3dc6b4c304733ed041cf17f7626c6cf4b8ee6ab43c14011831c04a50a33d2",
  "pins" : [
    {
      "identity" : "agentruntimekit",
      "kind" : "remoteSourceControl",
      "location" : "https://github.com/ajmcclary/AgentRuntimeKit.git",
      "state" : {
        "revision" : "5b671bb221de2d19cc4d3456cf3013568b2743ca",
        "version" : "0.1.0-beta.2"
      }
    }
  ],
  "version" : 3
}
